# THIS IS AN AUTOGENERATED FILE. DO NOT EDIT THIS FILE DIRECTLY.
# yarn lockfile v1


"@img/colour@^1.0.0":
  version "1.0.0"
  resolved "https://registry.npmjs.org/@img/colour/-/colour-1.0.0.tgz"
  integrity sha512-A5P/LfWGFSl6nsckYtjw9da+19jB8hkJ6ACTGcDfEJ0aE+l2n2El7dsVM7UVHZQ9s2lmYMWlrS21YLy2IR1LUw==

"@img/sharp-libvips-linux-x64@1.2.3":
  version "1.2.3"
  resolved "https://registry.npmjs.org/@img/sharp-libvips-linux-x64/-/sharp-libvips-linux-x64-1.2.3.tgz"
  integrity sha512-3JU7LmR85K6bBiRzSUc/Ff9JBVIFVvq6bomKE0e63UXGeRw2HPVEjoJke1Yx+iU4rL7/7kUjES4dZ/81Qjhyxg==

"@img/sharp-linux-x64@0.34.4":
  version "0.34.4"
  resolved "https://registry.npmjs.org/@img/sharp-linux-x64/-/sharp-linux-x64-0.34.4.tgz"
  integrity sha512-ZfGtcp2xS51iG79c6Vhw9CWqQC8l2Ot8dygxoDoIQPTat/Ov3qAa8qpxSrtAEAJW+UjTXc4yxCjNfxm4h6Xm2A==
  optionalDependencies:
    "@img/sharp-libvips-linux-x64" "1.2.3"

"@popperjs/core@^2.11.8":
  version "2.11.8"
  resolved "https://registry.npmjs.org/@popperjs/core/-/core-2.11.8.tgz"
  integrity sha512-P1st0aksCrn9sGZhp8GMYwBnQsbvAWsZAX44oXNNvLHGqAOcoVxmjZiohstwQ7SqKnbR47akdNi+uleWD8+g6A==

bootstrap@^5.3.3:
  version "5.3.3"
  resolved "https://registry.npmjs.org/bootstrap/-/bootstrap-5.3.3.tgz"
  integrity sha512-8HLCdWgyoMguSO9o+aH+iuZ+aht+mzW0u3HIMzVu7Srrpv7EBBxTnrFlSCskwdY1+EOFQSm7uMJhNQHkdPcmjg==

detect-libc@^2.1.0:
  version "2.1.1"
  resolved "https://registry.npmjs.org/detect-libc/-/detect-libc-2.1.1.tgz"
  integrity sha512-ecqj/sy1jcK1uWrwpR67UhYrIFQ+5WlGxth34WquCbamhFA6hkkwiu37o6J5xCHdo1oixJRfVRw+ywV+Hq/0Aw==

semver@^7.7.2:
  version "7.7.2"
  resolved "https://registry.npmjs.org/semver/-/semver-7.7.2.tgz"
  integrity sha512-RF0Fw+rO5AMf9MAyaRXI4AV0Ulj5lMHqVxxdSgiVbixSCXoEmmX/jk0CuJw4+3SqroYO9VoUh+HcuJivvtJemA==

sharp@*:
  version "0.34.4"
  resolved "https://registry.npmjs.org/sharp/-/sharp-0.34.4.tgz"
  integrity sha512-FUH39xp3SBPnxWvd5iib1X8XY7J0K0X7d93sie9CJg2PO8/7gmg89Nve6OjItK53/MlAushNNxteBYfM6DEuoA==
  dependencies:
    "@img/colour" "^1.0.0"
    detect-libc "^2.1.0"
    semver "^7.7.2"
  optionalDependencies:
    "@img/sharp-darwin-arm64" "0.34.4"
    "@img/sharp-darwin-x64" "0.34.4"
    "@img/sharp-libvips-darwin-arm64" "1.2.3"
    "@img/sharp-libvips-darwin-x64" "1.2.3"
    "@img/sharp-libvips-linux-arm" "1.2.3"
    "@img/sharp-libvips-linux-arm64" "1.2.3"
    "@img/sharp-libvips-linux-ppc64" "1.2.3"
    "@img/sharp-libvips-linux-s390x" "1.2.3"
    "@img/sharp-libvips-linux-x64" "1.2.3"
    "@img/sharp-libvips-linuxmusl-arm64" "1.2.3"
    "@img/sharp-libvips-linuxmusl-x64" "1.2.3"
    "@img/sharp-linux-arm" "0.34.4"
    "@img/sharp-linux-arm64" "0.34.4"
    "@img/sharp-linux-ppc64" "0.34.4"
    "@img/sharp-linux-s390x" "0.34.4"
    "@img/sharp-linux-x64" "0.34.4"
    "@img/sharp-linuxmusl-arm64" "0.34.4"
    "@img/sharp-linuxmusl-x64" "0.34.4"
    "@img/sharp-wasm32" "0.34.4"
    "@img/sharp-win32-arm64" "0.34.4"
    "@img/sharp-win32-ia32" "0.34.4"
    "@img/sharp-win32-x64" "0.34.4"
